// !$*UTF8*$!
{
	archiveVersion = 1;
	classes = {
	};
	objectVersion = 48;
	objects = {

/* Begin PBXBuildFile section */
		0E3507892F1C931700F1F9F9 /* AppDelegate.swift in Sources */ = {isa = PBXBuildFile; fileRef = 504EC3071FED79650016851F /* AppDelegate.swift */; };
		0E35078D2F1C931700F1F9F9 /* GoogleService-Info.plist in Resources */ = {isa = PBXBuildFile; fileRef = 0EFC07AE2F0BAAB200B3FC57 /* GoogleService-Info.plist */; };
		0E35078E2F1C931700F1F9F9 /* ithinkersByFiveSep-Info.plist in Resources */ = {isa = PBXBuildFile; fileRef = 0E5CB2452F0ABC0900089DAC /* ithinkersByFiveSep-Info.plist */; };
		0E35078F2F1C931700F1F9F9 /* LaunchScreen.storyboard in Resources */ = {isa = PBXBuildFile; fileRef = 504EC3101FED79650016851F /* LaunchScreen.storyboard */; };
		0E3507902F1C931700F1F9F9 /* public in Resources */ = {isa = PBXBuildFile; fileRef = 50B271D01FEDC1A000F3C39B /* public */; };
		0E3507912F1C931700F1F9F9 /* Assets.xcassets in Resources */ = {isa = PBXBuildFile; fileRef = 504EC30E1FED79650016851F /* Assets.xcassets */; };
		0E3507922F1C931700F1F9F9 /* capacitor.config.json in Resources */ = {isa = PBXBuildFile; fileRef = 50379B222058CBB4000EE86E /* capacitor.config.json */; };
		0E3507932F1C931700F1F9F9 /* Main.storyboard in Resources */ = {isa = PBXBuildFile; fileRef = 504EC30B1FED79650016851F /* Main.storyboard */; };
		0E3507942F1C931700F1F9F9 /* config.xml in Resources */ = {isa = PBXBuildFile; fileRef = 2FAD9762203C412B000D30F8 /* config.xml */; };
		0E35079E2F1C931F00F1F9F9 /* AppDelegate.swift in Sources */ = {isa = PBXBuildFile; fileRef = 504EC3071FED79650016851F /* AppDelegate.swift */; };
		0E3507A22F1C931F00F1F9F9 /* GoogleService-Info.plist in Resources */ = {isa = PBXBuildFile; fileRef = 0EFC07AE2F0BAAB200B3FC57 /* GoogleService-Info.plist */; };
		0E3507A32F1C931F00F1F9F9 /* ithinkersByFiveSep-Info.plist in Resources */ = {isa = PBXBuildFile; fileRef = 0E5CB2452F0ABC0900089DAC /* ithinkersByFiveSep-Info.plist */; };
		0E3507A42F1C931F00F1F9F9 /* LaunchScreen.storyboard in Resources */ = {isa = PBXBuildFile; fileRef = 504EC3101FED79650016851F /* LaunchScreen.storyboard */; };
		0E3507A52F1C931F00F1F9F9 /* public in Resources */ = {isa = PBXBuildFile; fileRef = 50B271D01FEDC1A000F3C39B /* public */; };
		0E3507A62F1C931F00F1F9F9 /* Assets.xcassets in Resources */ = {isa = PBXBuildFile; fileRef = 504EC30E1FED79650016851F /* Assets.xcassets */; };
		0E3507A72F1C931F00F1F9F9 /* capacitor.config.json in Resources */ = {isa = PBXBuildFile; fileRef = 50379B222058CBB4000EE86E /* capacitor.config.json */; };
		0E3507A82F1C931F00F1F9F9 /* Main.storyboard in Resources */ = {isa = PBXBuildFile; fileRef = 504EC30B1FED79650016851F /* Main.storyboard */; };
		0E3507A92F1C931F00F1F9F9 /* config.xml in Resources */ = {isa = PBXBuildFile; fileRef = 2FAD9762203C412B000D30F8 /* config.xml */; };
		0E5CB2362F0ABC0800089DAC /* AppDelegate.swift in Sources */ = {isa = PBXBuildFile; fileRef = 504EC3071FED79650016851F /* AppDelegate.swift */; };
		0E5CB23A2F0ABC0800089DAC /* LaunchScreen.storyboard in Resources */ = {isa = PBXBuildFile; fileRef = 504EC3101FED79650016851F /* LaunchScreen.storyboard */; };
		0E5CB23B2F0ABC0800089DAC /* public in Resources */ = {isa = PBXBuildFile; fileRef = 50B271D01FEDC1A000F3C39B /* public */; };
		0E5CB23C2F0ABC0800089DAC /* Assets.xcassets in Resources */ = {isa = PBXBuildFile; fileRef = 504EC30E1FED79650016851F /* Assets.xcassets */; };
		0E5CB23D2F0ABC0800089DAC /* capacitor.config.json in Resources */ = {isa = PBXBuildFile; fileRef = 50379B222058CBB4000EE86E /* capacitor.config.json */; };
		0E5CB23E2F0ABC0800089DAC /* Main.storyboard in Resources */ = {isa = PBXBuildFile; fileRef = 504EC30B1FED79650016851F /* Main.storyboard */; };
		0E5CB23F2F0ABC0800089DAC /* config.xml in Resources */ = {isa = PBXBuildFile; fileRef = 2FAD9762203C412B000D30F8 /* config.xml */; };
		0EB0C0E82F73B79D003DA394 /* AppDelegate.swift in Sources */ = {isa = PBXBuildFile; fileRef = 504EC3071FED79650016851F /* AppDelegate.swift */; };
		0EB0C0EC2F73B79D003DA394 /* GoogleService-Info.plist in Resources */ = {isa = PBXBuildFile; fileRef = 0EFC07AE2F0BAAB200B3FC57 /* GoogleService-Info.plist */; };
		0EB0C0ED2F73B79D003DA394 /* ithinkersByFiveSep-Info.plist in Resources */ = {isa = PBXBuildFile; fileRef = 0E5CB2452F0ABC0900089DAC /* ithinkersByFiveSep-Info.plist */; };
		0EB0C0EE2F73B79D003DA394 /* LaunchScreen.storyboard in Resources */ = {isa = PBXBuildFile; fileRef = 504EC3101FED79650016851F /* LaunchScreen.storyboard */; };
		0EB0C0EF2F73B79D003DA394 /* public in Resources */ = {isa = PBXBuildFile; fileRef = 50B271D01FEDC1A000F3C39B /* public */; };
		0EB0C0F02F73B79D003DA394 /* Assets.xcassets in Resources */ = {isa = PBXBuildFile; fileRef = 504EC30E1FED79650016851F /* Assets.xcassets */; };
		0EB0C0F12F73B79D003DA394 /* capacitor.config.json in Resources */ = {isa = PBXBuildFile; fileRef = 50379B222058CBB4000EE86E /* capacitor.config.json */; };
		0EB0C0F22F73B79D003DA394 /* Main.storyboard in Resources */ = {isa = PBXBuildFile; fileRef = 504EC30B1FED79650016851F /* Main.storyboard */; };
		0EB0C0F32F73B79D003DA394 /* config.xml in Resources */ = {isa = PBXBuildFile; fileRef = 2FAD9762203C412B000D30F8 /* config.xml */; };
		0EB0C0FB2F73B8AA003DA394 /* ShikshaNation-Info.plist in Resources */ = {isa = PBXBuildFile; fileRef = 0EB0C0FA2F73B8AA003DA394 /* ShikshaNation-Info.plist */; };
		0EFC07AD2F0BAA7600B3FC57 /* ithinkersByFiveSep-Info.plist in Resources */ = {isa = PBXBuildFile; fileRef = 0E5CB2452F0ABC0900089DAC /* ithinkersByFiveSep-Info.plist */; };
		0EFC07AF2F0BAAB200B3FC57 /* GoogleService-Info.plist in Resources */ = {isa = PBXBuildFile; fileRef = 0EFC07AE2F0BAAB200B3FC57 /* GoogleService-Info.plist */; };
		0FE74A35E7EAE82DDF3B8419 /* Pods_SSDC_Horizon.framework in Frameworks */ = {isa = PBXBuildFile; fileRef = 7A0502371AED7FB67D47AB98 /* Pods_SSDC_Horizon.framework */; };
		1AAA00012F25A00000000001 /* AppDelegate.swift in Sources */ = {isa = PBXBuildFile; fileRef = 504EC3071FED79650016851F /* AppDelegate.swift */; };
		1AAA00022F25A00000000002 /* EnarkGoogleService-Info.plist in Resources */ = {isa = PBXBuildFile; fileRef = 1AAA00102F25A00000000010 /* EnarkGoogleService-Info.plist */; };
		1AAA00032F25A00000000003 /* LaunchScreen.storyboard in Resources */ = {isa = PBXBuildFile; fileRef = 504EC3101FED79650016851F /* LaunchScreen.storyboard */; };
		1AAA00042F25A00000000004 /* public in Resources */ = {isa = PBXBuildFile; fileRef = 50B271D01FEDC1A000F3C39B /* public */; };
		1AAA00052F25A00000000005 /* Assets.xcassets in Resources */ = {isa = PBXBuildFile; fileRef = 504EC30E1FED79650016851F /* Assets.xcassets */; };
		1AAA00062F25A00000000006 /* capacitor.config.json in Resources */ = {isa = PBXBuildFile; fileRef = 50379B222058CBB4000EE86E /* capacitor.config.json */; };
		1AAA00072F25A00000000007 /* Main.storyboard in Resources */ = {isa = PBXBuildFile; fileRef = 504EC30B1FED79650016851F /* Main.storyboard */; };
		1AAA00082F25A00000000008 /* config.xml in Resources */ = {isa = PBXBuildFile; fileRef = 2FAD9762203C412B000D30F8 /* config.xml */; };
		2FAD9763203C412B000D30F8 /* config.xml in Resources */ = {isa = PBXBuildFile; fileRef = 2FAD9762203C412B000D30F8 /* config.xml */; };
		475FB3FCE38A042F08A9CFB1 /* Pods_Uplift_Teacher_Training.framework in Frameworks */ = {isa = PBXBuildFile; fileRef = 885807F2BC651D65FD08FA0D /* Pods_Uplift_Teacher_Training.framework */; };
		50379B232058CBB4000EE86E /* capacitor.config.json in Resources */ = {isa = PBXBuildFile; fileRef = 50379B222058CBB4000EE86E /* capacitor.config.json */; };
		504EC3081FED79650016851F /* AppDelegate.swift in Sources */ = {isa = PBXBuildFile; fileRef = 504EC3071FED79650016851F /* AppDelegate.swift */; };
		504EC30D1FED79650016851F /* Main.storyboard in Resources */ = {isa = PBXBuildFile; fileRef = 504EC30B1FED79650016851F /* Main.storyboard */; };
		504EC30F1FED79650016851F /* Assets.xcassets in Resources */ = {isa = PBXBuildFile; fileRef = 504EC30E1FED79650016851F /* Assets.xcassets */; };
		504EC3121FED79650016851F /* LaunchScreen.storyboard in Resources */ = {isa = PBXBuildFile; fileRef = 504EC3101FED79650016851F /* LaunchScreen.storyboard */; };
		50B271D11FEDC1A000F3C39B /* public in Resources */ = {isa = PBXBuildFile; fileRef = 50B271D01FEDC1A000F3C39B /* public */; };
		7411584DD8EBBB621F299383 /* Pods_the7cs.framework in Frameworks */ = {isa = PBXBuildFile; fileRef = D5F8D10E430BC0B8C80AED5B /* Pods_the7cs.framework */; };
		9221A480A10AE5F026CF4EE7 /* Pods_Five_Sep.framework in Frameworks */ = {isa = PBXBuildFile; fileRef = FF80D54945E534E81704718B /* Pods_Five_Sep.framework */; };
		9DC19BA1DC8A586B110A7BD1 /* BuildFile in Frameworks */ = {isa = PBXBuildFile; };
		A084ECDBA7D38E1E42DFC39D /* Pods_App.framework in Frameworks */ = {isa = PBXBuildFile; fileRef = AF277DCFFFF123FFC6DF26C7 /* Pods_App.framework */; };
		B6EF8EEE4CC97793718ECA52 /* Pods_SSDC_Horizon.framework in Frameworks */ = {isa = PBXBuildFile; fileRef = 7A0502371AED7FB67D47AB98 /* Pods_SSDC_Horizon.framework */; };
		C314EA5A6665CB1D512B6D35 /* Pods_App.framework in Frameworks */ = {isa = PBXBuildFile; fileRef = AF277DCFFFF123FFC6DF26C7 /* Pods_App.framework */; };
/* End PBXBuildFile section */

/* Begin PBXFileReference section */
		043931A970C72A57050EDC91 /* Pods-the7cs.release.xcconfig */ = {isa = PBXFileReference; includeInIndex = 1; lastKnownFileType = text.xcconfig; name = "Pods-the7cs.release.xcconfig"; path = "Pods/Target Support Files/Pods-the7cs/Pods-the7cs.release.xcconfig"; sourceTree = "<group>"; };
		0E3507992F1C931700F1F9F9 /* the7cs.app */ = {isa = PBXFileReference; explicitFileType = wrapper.application; includeInIndex = 0; path = the7cs.app; sourceTree = BUILT_PRODUCTS_DIR; };
		0E35079A2F1C931700F1F9F9 /* the7cs-Info.plist */ = {isa = PBXFileReference; lastKnownFileType = text.plist.xml; name = "the7cs-Info.plist"; path = "/Users/neerajhariyale/development/frontend-learner-dashboard-app/ios/App/the7cs-Info.plist"; sourceTree = "<absolute>"; };
		0E3507AE2F1C931F00F1F9F9 /* SSDC Horizon.app */ = {isa = PBXFileReference; explicitFileType = wrapper.application; includeInIndex = 0; path = "SSDC Horizon.app"; sourceTree = BUILT_PRODUCTS_DIR; };
		0E3507AF2F1C932000F1F9F9 /* SSDC-HORIZON-Info.plist */ = {isa = PBXFileReference; lastKnownFileType = text.plist.xml; name = "SSDC-HORIZON-Info.plist"; path = "/Users/neerajhariyale/development/frontend-learner-dashboard-app/ios/App/SSDC-HORIZON-Info.plist"; sourceTree = "<absolute>"; };
		0E5CB2442F0ABC0800089DAC /* Five Sep.app */ = {isa = PBXFileReference; explicitFileType = wrapper.application; includeInIndex = 0; path = "Five Sep.app"; sourceTree = BUILT_PRODUCTS_DIR; };
		0E5CB2452F0ABC0900089DAC /* ithinkersByFiveSep-Info.plist */ = {isa = PBXFileReference; lastKnownFileType = text.plist.xml; name = "ithinkersByFiveSep-Info.plist"; path = "/Users/neerajhariyale/development/frontend-learner-dashboard-app/ios/App/ithinkersByFiveSep-Info.plist"; sourceTree = "<absolute>"; };
		0EB0C0F82F73B79D003DA394 /* Shiksha Nation.app */ = {isa = PBXFileReference; explicitFileType = wrapper.application; includeInIndex = 0; path = "Shiksha Nation.app"; sourceTree = BUILT_PRODUCTS_DIR; };
		0EB0C0F92F73B79D003DA394 /* SSDC Horizon copy2-Info.plist */ = {isa = PBXFileReference; lastKnownFileType = text.plist.xml; name = "SSDC Horizon copy2-Info.plist"; path = "/Users/neerajhariyale/development/Vacademy/vacademy_platform/frontend-learner-dashboard-app/ios/App/SSDC Horizon copy2-Info.plist"; sourceTree = "<absolute>"; };
		0EB0C0FA2F73B8AA003DA394 /* ShikshaNation-Info.plist */ = {isa = PBXFileReference; lastKnownFileType = text.plist.xml; path = "ShikshaNation-Info.plist"; sourceTree = "<group>"; };
		0EFC07AE2F0BAAB200B3FC57 /* GoogleService-Info.plist */ = {isa = PBXFileReference; lastKnownFileType = text.plist.xml; name = "GoogleService-Info.plist"; path = "../../../../Desktop/GoogleService-Info.plist"; sourceTree = "<group>"; };
		1AAA00092F25A00000000009 /* Uplift Teacher Training.app */ = {isa = PBXFileReference; explicitFileType = wrapper.application; includeInIndex = 0; path = "Uplift Teacher Training.app"; sourceTree = BUILT_PRODUCTS_DIR; };
		1AAA000A2F25A0000000000A /* Enark-Info.plist */ = {isa = PBXFileReference; lastKnownFileType = text.plist.xml; path = "Enark-Info.plist"; sourceTree = "<group>"; };
		1AAA00102F25A00000000010 /* EnarkGoogleService-Info.plist */ = {isa = PBXFileReference; lastKnownFileType = text.plist.xml; path = "EnarkGoogleService-Info.plist"; sourceTree = "<group>"; };
		25A963DCA873DEB99161804B /* Pods-the7cs.debug.xcconfig */ = {isa = PBXFileReference; includeInIndex = 1; lastKnownFileType = text.xcconfig; name = "Pods-the7cs.debug.xcconfig"; path = "Pods/Target Support Files/Pods-the7cs/Pods-the7cs.debug.xcconfig"; sourceTree = "<group>"; };
		287CCFB97247580E305FA222 /* Pods-SSDC Horizon.debug.xcconfig */ = {isa = PBXFileReference; includeInIndex = 1; lastKnownFileType = text.xcconfig; name = "Pods-SSDC Horizon.debug.xcconfig"; path = "Pods/Target Support Files/Pods-SSDC Horizon/Pods-SSDC Horizon.debug.xcconfig"; sourceTree = "<group>"; };
		2FAD9762203C412B000D30F8 /* config.xml */ = {isa = PBXFileReference; lastKnownFileType = text.xml; path = config.xml; sourceTree = "<group>"; };
		50379B222058CBB4000EE86E /* capacitor.config.json */ = {isa = PBXFileReference; fileEncoding = 4; lastKnownFileType = text.json; path = capacitor.config.json; sourceTree = "<group>"; };
		504EC3041FED79650016851F /* App.app */ = {isa = PBXFileReference; explicitFileType = wrapper.application; includeInIndex = 0; path = App.app; sourceTree = BUILT_PRODUCTS_DIR; };
		504EC3071FED79650016851F /* AppDelegate.swift */ = {isa = PBXFileReference; lastKnownFileType = sourcecode.swift; path = AppDelegate.swift; sourceTree = "<group>"; };
		504EC30C1FED79650016851F /* Base */ = {isa = PBXFileReference; lastKnownFileType = file.storyboard; name = Base; path = Base.lproj/Main.storyboard; sourceTree = "<group>"; };
		504EC30E1FED79650016851F /* Assets.xcassets */ = {isa = PBXFileReference; lastKnownFileType = folder.assetcatalog; path = Assets.xcassets; sourceTree = "<group>"; };
		504EC3111FED79650016851F /* Base */ = {isa = PBXFileReference; lastKnownFileType = file.storyboard; name = Base; path = Base.lproj/LaunchScreen.storyboard; sourceTree = "<group>"; };
		504EC3131FED79650016851F /* Info.plist */ = {isa = PBXFileReference; lastKnownFileType = text.plist.xml; path = Info.plist; sourceTree = "<group>"; };
		50B271D01FEDC1A000F3C39B /* public */ = {isa = PBXFileReference; lastKnownFileType = folder; path = public; sourceTree = "<group>"; };
		54FDC0D1DF0A5F5687F4CCC5 /* Pods-Five Sep.debug.xcconfig */ = {isa = PBXFileReference; includeInIndex = 1; lastKnownFileType = text.xcconfig; name = "Pods-Five Sep.debug.xcconfig"; path = "Pods/Target Support Files/Pods-Five Sep/Pods-Five Sep.debug.xcconfig"; sourceTree = "<group>"; };
		7A0502371AED7FB67D47AB98 /* Pods_SSDC_Horizon.framework */ = {isa = PBXFileReference; explicitFileType = wrapper.framework; includeInIndex = 0; path = Pods_SSDC_Horizon.framework; sourceTree = BUILT_PRODUCTS_DIR; };
		885807F2BC651D65FD08FA0D /* Pods_Uplift_Teacher_Training.framework */ = {isa = PBXFileReference; explicitFileType = wrapper.framework; includeInIndex = 0; path = Pods_Uplift_Teacher_Training.framework; sourceTree = BUILT_PRODUCTS_DIR; };
		8B279DBAA24BE3BC1F188689 /* Pods-Five Sep.release.xcconfig */ = {isa = PBXFileReference; includeInIndex = 1; lastKnownFileType = text.xcconfig; name = "Pods-Five Sep.release.xcconfig"; path = "Pods/Target Support Files/Pods-Five Sep/Pods-Five Sep.release.xcconfig"; sourceTree = "<group>"; };
		9BF657DED25A2F36B05C0907 /* Pods-App.release.xcconfig */ = {isa = PBXFileReference; includeInIndex = 1; lastKnownFileType = text.xcconfig; name = "Pods-App.release.xcconfig"; path = "Pods/Target Support Files/Pods-App/Pods-App.release.xcconfig"; sourceTree = "<group>"; };
		AF277DCFFFF123FFC6DF26C7 /* Pods_App.framework */ = {isa = PBXFileReference; explicitFileType = wrapper.framework; includeInIndex = 0; path = Pods_App.framework; sourceTree = BUILT_PRODUCTS_DIR; };
		B313585718531D2F9A4F2BE7 /* Pods-App.debug.xcconfig */ = {isa = PBXFileReference; includeInIndex = 1; lastKnownFileType = text.xcconfig; name = "Pods-App.debug.xcconfig"; path = "Pods/Target Support Files/Pods-App/Pods-App.debug.xcconfig"; sourceTree = "<group>"; };
		D5F8D10E430BC0B8C80AED5B /* Pods_the7cs.framework */ = {isa = PBXFileReference; explicitFileType = wrapper.framework; includeInIndex = 0; path = Pods_the7cs.framework; sourceTree = BUILT_PRODUCTS_DIR; };
		E22ECBA0680AFBB3EF37826D /* Pods-Uplift Teacher Training.debug.xcconfig */ = {isa = PBXFileReference; includeInIndex = 1; lastKnownFileType = text.xcconfig; name = "Pods-Uplift Teacher Training.debug.xcconfig"; path = "Pods/Target Support Files/Pods-Uplift Teacher Training/Pods-Uplift Teacher Training.debug.xcconfig"; sourceTree = "<group>"; };
		E2668AC7D95201202741B1D6 /* Pods-Uplift Teacher Training.release.xcconfig */ = {isa = PBXFileReference; includeInIndex = 1; lastKnownFileType = text.xcconfig; name = "Pods-Uplift Teacher Training.release.xcconfig"; path = "Pods/Target Support Files/Pods-Uplift Teacher Training/Pods-Uplift Teacher Training.release.xcconfig"; sourceTree = "<group>"; };
		E6072116DBFDAD2CA617E513 /* Pods-SSDC Horizon.release.xcconfig */ = {isa = PBXFileReference; includeInIndex = 1; lastKnownFileType = text.xcconfig; name = "Pods-SSDC Horizon.release.xcconfig"; path = "Pods/Target Support Files/Pods-SSDC Horizon/Pods-SSDC Horizon.release.xcconfig"; sourceTree = "<group>"; };
		FF80D54945E534E81704718B /* Pods_Five_Sep.framework */ = {isa = PBXFileReference; explicitFileType = wrapper.framework; includeInIndex = 0; path = Pods_Five_Sep.framework; sourceTree = BUILT_PRODUCTS_DIR; };
/* End PBXFileReference section */

/* Begin PBXFrameworksBuildPhase section */
		0E35078A2F1C931700F1F9F9 /* Frameworks */ = {
			isa = PBXFrameworksBuildPhase;
			buildActionMask = 2147483647;
			files = (
				7411584DD8EBBB621F299383 /* Pods_the7cs.framework in Frameworks */,
			);
			runOnlyForDeploymentPostprocessing = 0;
		};
		0E35079F2F1C931F00F1F9F9 /* Frameworks */ = {
			isa = PBXFrameworksBuildPhase;
			buildActionMask = 2147483647;
			files = (
				0FE74A35E7EAE82DDF3B8419 /* Pods_SSDC_Horizon.framework in Frameworks */,
				B6EF8EEE4CC97793718ECA52 /* Pods_SSDC_Horizon.framework in Frameworks */,
			);
			runOnlyForDeploymentPostprocessing = 0;
		};
		0E5CB2372F0ABC0800089DAC /* Frameworks */ = {
			isa = PBXFrameworksBuildPhase;
			buildActionMask = 2147483647;
			files = (
				9DC19BA1DC8A586B110A7BD1 /* BuildFile in Frameworks */,
				9221A480A10AE5F026CF4EE7 /* Pods_Five_Sep.framework in Frameworks */,
			);
			runOnlyForDeploymentPostprocessing = 0;
		};
		0EB0C0E92F73B79D003DA394 /* Frameworks */ = {
			isa = PBXFrameworksBuildPhase;
			buildActionMask = 2147483647;
			files = (
			);
			runOnlyForDeploymentPostprocessing = 0;
		};
		1AAA000B2F25A0000000000B /* Frameworks */ = {
			isa = PBXFrameworksBuildPhase;
			buildActionMask = 2147483647;
			files = (
				475FB3FCE38A042F08A9CFB1 /* Pods_Uplift_Teacher_Training.framework in Frameworks */,
			);
			runOnlyForDeploymentPostprocessing = 0;
		};
		504EC3011FED79650016851F /* Frameworks */ = {
			isa = PBXFrameworksBuildPhase;
			buildActionMask = 2147483647;
			files = (
				A084ECDBA7D38E1E42DFC39D /* Pods_App.framework in Frameworks */,
				C314EA5A6665CB1D512B6D35 /* Pods_App.framework in Frameworks */,
			);
			runOnlyForDeploymentPostprocessing = 0;
		};
/* End PBXFrameworksBuildPhase section */

/* Begin PBXGroup section */
		27E2DDA53C4D2A4D1A88CE4A /* Frameworks */ = {
			isa = PBXGroup;
			children = (
				AF277DCFFFF123FFC6DF26C7 /* Pods_App.framework */,
				7A0502371AED7FB67D47AB98 /* Pods_SSDC_Horizon.framework */,
				D5F8D10E430BC0B8C80AED5B /* Pods_the7cs.framework */,
				FF80D54945E534E81704718B /* Pods_Five_Sep.framework */,
				885807F2BC651D65FD08FA0D /* Pods_Uplift_Teacher_Training.framework */,
			);
			name = Frameworks;
			sourceTree = "<group>";
		};
		504EC2FB1FED79650016851F = {
			isa = PBXGroup;
			children = (
				0EB0C0FA2F73B8AA003DA394 /* ShikshaNation-Info.plist */,
				0EFC07AE2F0BAAB200B3FC57 /* GoogleService-Info.plist */,
				504EC3061FED79650016851F /* App */,
				504EC3051FED79650016851F /* Products */,
				7F8756D8B27F46E3366F6CEA /* Pods */,
				27E2DDA53C4D2A4D1A88CE4A /* Frameworks */,
				0E5CB2452F0ABC0900089DAC /* ithinkersByFiveSep-Info.plist */,
				0E35079A2F1C931700F1F9F9 /* the7cs-Info.plist */,
				0E3507AF2F1C932000F1F9F9 /* SSDC-HORIZON-Info.plist */,
				0EB0C0F92F73B79D003DA394 /* SSDC Horizon copy2-Info.plist */,
				1AAA000A2F25A0000000000A /* Enark-Info.plist */,
				1AAA00102F25A00000000010 /* EnarkGoogleService-Info.plist */,
			);
			sourceTree = "<group>";
		};
		504EC3051FED79650016851F /* Products */ = {
			isa = PBXGroup;
			children = (
				504EC3041FED79650016851F /* App.app */,
				0E5CB2442F0ABC0800089DAC /* Five Sep.app */,
				0E3507992F1C931700F1F9F9 /* the7cs.app */,
				0E3507AE2F1C931F00F1F9F9 /* SSDC Horizon.app */,
				0EB0C0F82F73B79D003DA394 /* Shiksha Nation.app */,
				1AAA00092F25A00000000009 /* Uplift Teacher Training.app */,
			);
			name = Products;
			sourceTree = "<group>";
		};
		504EC3061FED79650016851F /* App */ = {
			isa = PBXGroup;
			children = (
				50379B222058CBB4000EE86E /* capacitor.config.json */,
				504EC3071FED79650016851F /* AppDelegate.swift */,
				504EC30B1FED79650016851F /* Main.storyboard */,
				504EC30E1FED79650016851F /* Assets.xcassets */,
				504EC3101FED79650016851F /* LaunchScreen.storyboard */,
				504EC3131FED79650016851F /* Info.plist */,
				2FAD9762203C412B000D30F8 /* config.xml */,
				50B271D01FEDC1A000F3C39B /* public */,
			);
			path = App;
			sourceTree = "<group>";
		};
		7F8756D8B27F46E3366F6CEA /* Pods */ = {
			isa = PBXGroup;
			children = (
				B313585718531D2F9A4F2BE7 /* Pods-App.debug.xcconfig */,
				9BF657DED25A2F36B05C0907 /* Pods-App.release.xcconfig */,
				54FDC0D1DF0A5F5687F4CCC5 /* Pods-Five Sep.debug.xcconfig */,
				8B279DBAA24BE3BC1F188689 /* Pods-Five Sep.release.xcconfig */,
				25A963DCA873DEB99161804B /* Pods-the7cs.debug.xcconfig */,
				043931A970C72A57050EDC91 /* Pods-the7cs.release.xcconfig */,
				287CCFB97247580E305FA222 /* Pods-SSDC Horizon.debug.xcconfig */,
				E6072116DBFDAD2CA617E513 /* Pods-SSDC Horizon.release.xcconfig */,
				E22ECBA0680AFBB3EF37826D /* Pods-Uplift Teacher Training.debug.xcconfig */,
				E2668AC7D95201202741B1D6 /* Pods-Uplift Teacher Training.release.xcconfig */,
			);
			name = Pods;
			sourceTree = "<group>";
		};
/* End PBXGroup section */

/* Begin PBXNativeTarget section */
		0E3507862F1C931700F1F9F9 /* the7cs */ = {
			isa = PBXNativeTarget;
			buildConfigurationList = 0E3507962F1C931700F1F9F9 /* Build configuration list for PBXNativeTarget "the7cs" */;
			buildPhases = (
				0E3507872F1C931700F1F9F9 /* [CP] Check Pods Manifest.lock */,
				0E3507882F1C931700F1F9F9 /* Sources */,
				0E35078A2F1C931700F1F9F9 /* Frameworks */,
				0E35078C2F1C931700F1F9F9 /* Resources */,
				0E3507952F1C931700F1F9F9 /* [CP] Embed Pods Frameworks */,
			);
			buildRules = (
			);
			dependencies = (
			);
			name = the7cs;
			productName = App;
			productReference = 0E3507992F1C931700F1F9F9 /* the7cs.app */;
			productType = "com.apple.product-type.application";
		};
		0E35079B2F1C931F00F1F9F9 /* SSDC Horizon */ = {
			isa = PBXNativeTarget;
			buildConfigurationList = 0E3507AB2F1C931F00F1F9F9 /* Build configuration list for PBXNativeTarget "SSDC Horizon" */;
			buildPhases = (
				0E35079C2F1C931F00F1F9F9 /* [CP] Check Pods Manifest.lock */,
				0E35079D2F1C931F00F1F9F9 /* Sources */,
				0E35079F2F1C931F00F1F9F9 /* Frameworks */,
				0E3507A12F1C931F00F1F9F9 /* Resources */,
				0E3507AA2F1C931F00F1F9F9 /* [CP] Embed Pods Frameworks */,
			);
			buildRules = (
			);
			dependencies = (
			);
			name = "SSDC Horizon";
			productName = App;
			productReference = 0E3507AE2F1C931F00F1F9F9 /* SSDC Horizon.app */;
			productType = "com.apple.product-type.application";
		};
		0E5CB2332F0ABC0800089DAC /* Five Sep */ = {
			isa = PBXNativeTarget;
			buildConfigurationList = 0E5CB2412F0ABC0800089DAC /* Build configuration list for PBXNativeTarget "Five Sep" */;
			buildPhases = (
				579D18F69719808A1D27B79C /* [CP] Check Pods Manifest.lock */,
				0E5CB2352F0ABC0800089DAC /* Sources */,
				0E5CB2372F0ABC0800089DAC /* Frameworks */,
				0E5CB2392F0ABC0800089DAC /* Resources */,
				D4FA830D6135156114248C6D /* [CP] Embed Pods Frameworks */,
			);
			buildRules = (
			);
			dependencies = (
			);
			name = "Five Sep";
			productName = App;
			productReference = 0E5CB2442F0ABC0800089DAC /* Five Sep.app */;
			productType = "com.apple.product-type.application";
		};
		0EB0C0E52F73B79D003DA394 /* Shiksha Nation */ = {
			isa = PBXNativeTarget;
			buildConfigurationList = 0EB0C0F52F73B79D003DA394 /* Build configuration list for PBXNativeTarget "Shiksha Nation" */;
			buildPhases = (
				0EB0C0E72F73B79D003DA394 /* Sources */,
				0EB0C0E92F73B79D003DA394 /* Frameworks */,
				0EB0C0EB2F73B79D003DA394 /* Resources */,
			);
			buildRules = (
			);
			dependencies = (
			);
			name = "Shiksha Nation";
			productName = App;
			productReference = 0EB0C0F82F73B79D003DA394 /* Shiksha Nation.app */;
			productType = "com.apple.product-type.application";
		};
		1AAA000C2F25A0000000000C /* Uplift Teacher Training */ = {
			isa = PBXNativeTarget;
			buildConfigurationList = 1AAA00182F25A00000000018 /* Build configuration list for PBXNativeTarget "Uplift Teacher Training" */;
			buildPhases = (
				DD1E0F5523C1D6F1F177BD07 /* [CP] Check Pods Manifest.lock */,
				1AAA000D2F25A0000000000D /* Sources */,
				1AAA000B2F25A0000000000B /* Frameworks */,
				1AAA000E2F25A0000000000E /* Resources */,
				E37DD8A5BF6C5E5C1BEB2616 /* [CP] Embed Pods Frameworks */,
			);
			buildRules = (
			);
			dependencies = (
			);
			name = "Uplift Teacher Training";
			productName = App;
			productReference = 1AAA00092F25A00000000009 /* Uplift Teacher Training.app */;
			productType = "com.apple.product-type.application";
		};
		504EC3031FED79650016851F /* App */ = {
			isa = PBXNativeTarget;
			buildConfigurationList = 504EC3161FED79650016851F /* Build configuration list for PBXNativeTarget "App" */;
			buildPhases = (
				6634F4EFEBD30273BCE97C65 /* [CP] Check Pods Manifest.lock */,
				504EC3001FED79650016851F /* Sources */,
				504EC3011FED79650016851F /* Frameworks */,
				504EC3021FED79650016851F /* Resources */,
				9592DBEFFC6D2A0C8D5DEB22 /* [CP] Embed Pods Frameworks */,
			);
			buildRules = (
			);
			dependencies = (
			);
			name = App;
			productName = App;
			productReference = 504EC3041FED79650016851F /* App.app */;
			productType = "com.apple.product-type.application";
		};
/* End PBXNativeTarget section */

/* Begin PBXProject section */
		504EC2FC1FED79650016851F /* Project object */ = {
			isa = PBXProject;
			attributes = {
				LastSwiftUpdateCheck = 920;
				LastUpgradeCheck = 920;
				TargetAttributes = {
					0E3507862F1C931700F1F9F9 = {
						ProvisioningStyle = Automatic;
					};
					0E35079B2F1C931F00F1F9F9 = {
						ProvisioningStyle = Automatic;
					};
					0E5CB2332F0ABC0800089DAC = {
						ProvisioningStyle = Automatic;
					};
					0EB0C0E52F73B79D003DA394 = {
						ProvisioningStyle = Automatic;
					};
					1AAA000C2F25A0000000000C = {
						ProvisioningStyle = Automatic;
					};
					504EC3031FED79650016851F = {
						CreatedOnToolsVersion = 9.2;
						LastSwiftMigration = 1100;
						ProvisioningStyle = Automatic;
					};
				};
			};
			buildConfigurationList = 504EC2FF1FED79650016851F /* Build configuration list for PBXProject "App" */;
			compatibilityVersion = "Xcode 8.0";
			developmentRegion = en;
			hasScannedForEncodings = 0;
			knownRegions = (
				en,
				Base,
			);
			mainGroup = 504EC2FB1FED79650016851F;
			productRefGroup = 504EC3051FED79650016851F /* Products */;
			projectDirPath = "";
			projectRoot = "";
			targets = (
				504EC3031FED79650016851F /* App */,
				0E5CB2332F0ABC0800089DAC /* Five Sep */,
				0E3507862F1C931700F1F9F9 /* the7cs */,
				0E35079B2F1C931F00F1F9F9 /* SSDC Horizon */,
				0EB0C0E52F73B79D003DA394 /* Shiksha Nation */,
				1AAA000C2F25A0000000000C /* Uplift Teacher Training */,
			);
		};
/* End PBXProject section */

/* Begin PBXResourcesBuildPhase section */
		0E35078C2F1C931700F1F9F9 /* Resources */ = {
			isa = PBXResourcesBuildPhase;
			buildActionMask = 2147483647;
			files = (
				0E35078D2F1C931700F1F9F9 /* GoogleService-Info.plist in Resources */,
				0E35078E2F1C931700F1F9F9 /* ithinkersByFiveSep-Info.plist in Resources */,
				0E35078F2F1C931700F1F9F9 /* LaunchScreen.storyboard in Resources */,
				0E3507902F1C931700F1F9F9 /* public in Resources */,
				0E3507912F1C931700F1F9F9 /* Assets.xcassets in Resources */,
				0E3507922F1C931700F1F9F9 /* capacitor.config.json in Resources */,
				0E3507932F1C931700F1F9F9 /* Main.storyboard in Resources */,
				0E3507942F1C931700F1F9F9 /* config.xml in Resources */,
			);
			runOnlyForDeploymentPostprocessing = 0;
		};
		0E3507A12F1C931F00F1F9F9 /* Resources */ = {
			isa = PBXResourcesBuildPhase;
			buildActionMask = 2147483647;
			files = (
				0E3507A22F1C931F00F1F9F9 /* GoogleService-Info.plist in Resources */,
				0E3507A32F1C931F00F1F9F9 /* ithinkersByFiveSep-Info.plist in Resources */,
				0E3507A42F1C931F00F1F9F9 /* LaunchScreen.storyboard in Resources */,
				0E3507A52F1C931F00F1F9F9 /* public in Resources */,
				0E3507A62F1C931F00F1F9F9 /* Assets.xcassets in Resources */,
				0E3507A72F1C931F00F1F9F9 /* capacitor.config.json in Resources */,
				0E3507A82F1C931F00F1F9F9 /* Main.storyboard in Resources */,
				0E3507A92F1C931F00F1F9F9 /* config.xml in Resources */,
			);
			runOnlyForDeploymentPostprocessing = 0;
		};
		0E5CB2392F0ABC0800089DAC /* Resources */ = {
			isa = PBXResourcesBuildPhase;
			buildActionMask = 2147483647;
			files = (
				0EFC07AF2F0BAAB200B3FC57 /* GoogleService-Info.plist in Resources */,
				0EFC07AD2F0BAA7600B3FC57 /* ithinkersByFiveSep-Info.plist in Resources */,
				0E5CB23A2F0ABC0800089DAC /* LaunchScreen.storyboard in Resources */,
				0E5CB23B2F0ABC0800089DAC /* public in Resources */,
				0E5CB23C2F0ABC0800089DAC /* Assets.xcassets in Resources */,
				0E5CB23D2F0ABC0800089DAC /* capacitor.config.json in Resources */,
				0E5CB23E2F0ABC0800089DAC /* Main.storyboard in Resources */,
				0E5CB23F2F0ABC0800089DAC /* config.xml in Resources */,
			);
			runOnlyForDeploymentPostprocessing = 0;
		};
		0EB0C0EB2F73B79D003DA394 /* Resources */ = {
			isa = PBXResourcesBuildPhase;
			buildActionMask = 2147483647;
			files = (
				0EB0C0FB2F73B8AA003DA394 /* ShikshaNation-Info.plist in Resources */,
				0EB0C0EC2F73B79D003DA394 /* GoogleService-Info.plist in Resources */,
				0EB0C0ED2F73B79D003DA394 /* ithinkersByFiveSep-Info.plist in Resources */,
				0EB0C0EE2F73B79D003DA394 /* LaunchScreen.storyboard in Resources */,
				0EB0C0EF2F73B79D003DA394 /* public in Resources */,
				0EB0C0F02F73B79D003DA394 /* Assets.xcassets in Resources */,
				0EB0C0F12F73B79D003DA394 /* capacitor.config.json in Resources */,
				0EB0C0F22F73B79D003DA394 /* Main.storyboard in Resources */,
				0EB0C0F32F73B79D003DA394 /* config.xml in Resources */,
			);
			runOnlyForDeploymentPostprocessing = 0;
		};
		1AAA000E2F25A0000000000E /* Resources */ = {
			isa = PBXResourcesBuildPhase;
			buildActionMask = 2147483647;
			files = (
				1AAA00022F25A00000000002 /* EnarkGoogleService-Info.plist in Resources */,
				1AAA00032F25A00000000003 /* LaunchScreen.storyboard in Resources */,
				1AAA00042F25A00000000004 /* public in Resources */,
				1AAA00052F25A00000000005 /* Assets.xcassets in Resources */,
				1AAA00062F25A00000000006 /* capacitor.config.json in Resources */,
				1AAA00072F25A00000000007 /* Main.storyboard in Resources */,
				1AAA00082F25A00000000008 /* config.xml in Resources */,
			);
			runOnlyForDeploymentPostprocessing = 0;
		};
		504EC3021FED79650016851F /* Resources */ = {
			isa = PBXResourcesBuildPhase;
			buildActionMask = 2147483647;
			files = (
				504EC3121FED79650016851F /* LaunchScreen.storyboard in Resources */,
				50B271D11FEDC1A000F3C39B /* public in Resources */,
				504EC30F1FED79650016851F /* Assets.xcassets in Resources */,
				50379B232058CBB4000EE86E /* capacitor.config.json in Resources */,
				504EC30D1FED79650016851F /* Main.storyboard in Resources */,
				2FAD9763203C412B000D30F8 /* config.xml in Resources */,
			);
			runOnlyForDeploymentPostprocessing = 0;
		};
/* End PBXResourcesBuildPhase section */

/* Begin PBXShellScriptBuildPhase section */
		0E3507872F1C931700F1F9F9 /* [CP] Check Pods Manifest.lock */ = {
			isa = PBXShellScriptBuildPhase;
			buildActionMask = 2147483647;
			files = (
			);
			inputFileListPaths = (
			);
			inputPaths = (
				"${PODS_PODFILE_DIR_PATH}/Podfile.lock",
				"${PODS_ROOT}/Manifest.lock",
			);
			name = "[CP] Check Pods Manifest.lock";
			outputFileListPaths = (
			);
			outputPaths = (
				"$(DERIVED_FILE_DIR)/Pods-the7cs-checkManifestLockResult.txt",
			);
			runOnlyForDeploymentPostprocessing = 0;
			shellPath = /bin/sh;
			shellScript = "diff \"${PODS_PODFILE_DIR_PATH}/Podfile.lock\" \"${PODS_ROOT}/Manifest.lock\" > /dev/null\nif [ $? != 0 ] ; then\n    # print error to STDERR\n    echo \"error: The sandbox is not in sync with the Podfile.lock. Run 'pod install' or update your CocoaPods installation.\" >&2\n    exit 1\nfi\n# This output is used by Xcode 'outputs' to avoid re-running this script phase.\necho \"SUCCESS\" > \"${SCRIPT_OUTPUT_FILE_0}\"\n";
			showEnvVarsInLog = 0;
		};
		0E3507952F1C931700F1F9F9 /* [CP] Embed Pods Frameworks */ = {
			isa = PBXShellScriptBuildPhase;
			buildActionMask = 2147483647;
			files = (
			);
			inputPaths = (
			);
			name = "[CP] Embed Pods Frameworks";
			outputPaths = (
			);
			runOnlyForDeploymentPostprocessing = 0;
			shellPath = /bin/sh;
			shellScript = "\"${PODS_ROOT}/Target Support Files/Pods-the7cs/Pods-the7cs-frameworks.sh\"\n";
			showEnvVarsInLog = 0;
		};
		0E35079C2F1C931F00F1F9F9 /* [CP] Check Pods Manifest.lock */ = {
			isa = PBXShellScriptBuildPhase;
			buildActionMask = 2147483647;
			files = (
			);
			inputFileListPaths = (
			);
			inputPaths = (
				"${PODS_PODFILE_DIR_PATH}/Podfile.lock",
				"${PODS_ROOT}/Manifest.lock",
			);
			name = "[CP] Check Pods Manifest.lock";
			outputFileListPaths = (
			);
			outputPaths = (
				"$(DERIVED_FILE_DIR)/Pods-SSDC Horizon-checkManifestLockResult.txt",
			);
			runOnlyForDeploymentPostprocessing = 0;
			shellPath = /bin/sh;
			shellScript = "diff \"${PODS_PODFILE_DIR_PATH}/Podfile.lock\" \"${PODS_ROOT}/Manifest.lock\" > /dev/null\nif [ $? != 0 ] ; then\n    # print error to STDERR\n    echo \"error: The sandbox is not in sync with the Podfile.lock. Run 'pod install' or update your CocoaPods installation.\" >&2\n    exit 1\nfi\n# This output is used by Xcode 'outputs' to avoid re-running this script phase.\necho \"SUCCESS\" > \"${SCRIPT_OUTPUT_FILE_0}\"\n";
			showEnvVarsInLog = 0;
		};
		0E3507AA2F1C931F00F1F9F9 /* [CP] Embed Pods Frameworks */ = {
			isa = PBXShellScriptBuildPhase;
			buildActionMask = 2147483647;
			files = (
			);
			inputPaths = (
			);
			name = "[CP] Embed Pods Frameworks";
			outputPaths = (
			);
			runOnlyForDeploymentPostprocessing = 0;
			shellPath = /bin/sh;
			shellScript = "\"${PODS_ROOT}/Target Support Files/Pods-SSDC Horizon/Pods-SSDC Horizon-frameworks.sh\"\n";
			showEnvVarsInLog = 0;
		};
		579D18F69719808A1D27B79C /* [CP] Check Pods Manifest.lock */ = {
			isa = PBXShellScriptBuildPhase;
			buildActionMask = 2147483647;
			files = (
			);
			inputFileListPaths = (
			);
			inputPaths = (
				"${PODS_PODFILE_DIR_PATH}/Podfile.lock",
				"${PODS_ROOT}/Manifest.lock",
			);
			name = "[CP] Check Pods Manifest.lock";
			outputFileListPaths = (
			);
			outputPaths = (
				"$(DERIVED_FILE_DIR)/Pods-Five Sep-checkManifestLockResult.txt",
			);
			runOnlyForDeploymentPostprocessing = 0;
			shellPath = /bin/sh;
			shellScript = "diff \"${PODS_PODFILE_DIR_PATH}/Podfile.lock\" \"${PODS_ROOT}/Manifest.lock\" > /dev/null\nif [ $? != 0 ] ; then\n    # print error to STDERR\n    echo \"error: The sandbox is not in sync with the Podfile.lock. Run 'pod install' or update your CocoaPods installation.\" >&2\n    exit 1\nfi\n# This output is used by Xcode 'outputs' to avoid re-running this script phase.\necho \"SUCCESS\" > \"${SCRIPT_OUTPUT_FILE_0}\"\n";
			showEnvVarsInLog = 0;
		};
		6634F4EFEBD30273BCE97C65 /* [CP] Check Pods Manifest.lock */ = {
			isa = PBXShellScriptBuildPhase;
			buildActionMask = 2147483647;
			files = (
			);
			inputPaths = (
				"${PODS_PODFILE_DIR_PATH}/Podfile.lock",
				"${PODS_ROOT}/Manifest.lock",
			);
			name = "[CP] Check Pods Manifest.lock";
			outputPaths = (
				"$(DERIVED_FILE_DIR)/Pods-App-checkManifestLockResult.txt",
			);
			runOnlyForDeploymentPostprocessing = 0;
			shellPath = /bin/sh;
			shellScript = "diff \"${PODS_PODFILE_DIR_PATH}/Podfile.lock\" \"${PODS_ROOT}/Manifest.lock\" > /dev/null\nif [ $? != 0 ] ; then\n    # print error to STDERR\n    echo \"error: The sandbox is not in sync with the Podfile.lock. Run 'pod install' or update your CocoaPods installation.\" >&2\n    exit 1\nfi\n# This output is used by Xcode 'outputs' to avoid re-running this script phase.\necho \"SUCCESS\" > \"${SCRIPT_OUTPUT_FILE_0}\"\n";
			showEnvVarsInLog = 0;
		};
		9592DBEFFC6D2A0C8D5DEB22 /* [CP] Embed Pods Frameworks */ = {
			isa = PBXShellScriptBuildPhase;
			buildActionMask = 2147483647;
			files = (
			);
			inputPaths = (
			);
			name = "[CP] Embed Pods Frameworks";
			outputPaths = (
			);
			runOnlyForDeploymentPostprocessing = 0;
			shellPath = /bin/sh;
			shellScript = "\"${PODS_ROOT}/Target Support Files/Pods-App/Pods-App-frameworks.sh\"\n";
			showEnvVarsInLog = 0;
		};
		D4FA830D6135156114248C6D /* [CP] Embed Pods Frameworks */ = {
			isa = PBXShellScriptBuildPhase;
			buildActionMask = 2147483647;
			files = (
			);
			inputPaths = (
			);
			name = "[CP] Embed Pods Frameworks";
			outputPaths = (
			);
			runOnlyForDeploymentPostprocessing = 0;
			shellPath = /bin/sh;
			shellScript = "\"${PODS_ROOT}/Target Support Files/Pods-Five Sep/Pods-Five Sep-frameworks.sh\"\n";
			showEnvVarsInLog = 0;
		};
		DD1E0F5523C1D6F1F177BD07 /* [CP] Check Pods Manifest.lock */ = {
			isa = PBXShellScriptBuildPhase;
			buildActionMask = 2147483647;
			files = (
			);
			inputFileListPaths = (
			);
			inputPaths = (
				"${PODS_PODFILE_DIR_PATH}/Podfile.lock",
				"${PODS_ROOT}/Manifest.lock",
			);
			name = "[CP] Check Pods Manifest.lock";
			outputFileListPaths = (
			);
			outputPaths = (
				"$(DERIVED_FILE_DIR)/Pods-Uplift Teacher Training-checkManifestLockResult.txt",
			);
			runOnlyForDeploymentPostprocessing = 0;
			shellPath = /bin/sh;
			shellScript = "diff \"${PODS_PODFILE_DIR_PATH}/Podfile.lock\" \"${PODS_ROOT}/Manifest.lock\" > /dev/null\nif [ $? != 0 ] ; then\n    # print error to STDERR\n    echo \"error: The sandbox is not in sync with the Podfile.lock. Run 'pod install' or update your CocoaPods installation.\" >&2\n    exit 1\nfi\n# This output is used by Xcode 'outputs' to avoid re-running this script phase.\necho \"SUCCESS\" > \"${SCRIPT_OUTPUT_FILE_0}\"\n";
			showEnvVarsInLog = 0;
		};
		E37DD8A5BF6C5E5C1BEB2616 /* [CP] Embed Pods Frameworks */ = {
			isa = PBXShellScriptBuildPhase;
			buildActionMask = 2147483647;
			files = (
			);
			inputPaths = (
			);
			name = "[CP] Embed Pods Frameworks";
			outputPaths = (
			);
			runOnlyForDeploymentPostprocessing = 0;
			shellPath = /bin/sh;
			shellScript = "\"${PODS_ROOT}/Target Support Files/Pods-Uplift Teacher Training/Pods-Uplift Teacher Training-frameworks.sh\"\n";
			showEnvVarsInLog = 0;
		};
/* End PBXShellScriptBuildPhase section */

/* Begin PBXSourcesBuildPhase section */
		0E3507882F1C931700F1F9F9 /* Sources */ = {
			isa = PBXSourcesBuildPhase;
			buildActionMask = 2147483647;
			files = (
				0E3507892F1C931700F1F9F9 /* AppDelegate.swift in Sources */,
			);
			runOnlyForDeploymentPostprocessing = 0;
		};
		0E35079D2F1C931F00F1F9F9 /* Sources */ = {
			isa = PBXSourcesBuildPhase;
			buildActionMask = 2147483647;
			files = (
				0E35079E2F1C931F00F1F9F9 /* AppDelegate.swift in Sources */,
			);
			runOnlyForDeploymentPostprocessing = 0;
		};
		0E5CB2352F0ABC0800089DAC /* Sources */ = {
			isa = PBXSourcesBuildPhase;
			buildActionMask = 2147483647;
			files = (
				0E5CB2362F0ABC0800089DAC /* AppDelegate.swift in Sources */,
			);
			runOnlyForDeploymentPostprocessing = 0;
		};
		0EB0C0E72F73B79D003DA394 /* Sources */ = {
			isa = PBXSourcesBuildPhase;
			buildActionMask = 2147483647;
			files = (
				0EB0C0E82F73B79D003DA394 /* AppDelegate.swift in Sources */,
			);
			runOnlyForDeploymentPostprocessing = 0;
		};
		1AAA000D2F25A0000000000D /* Sources */ = {
			isa = PBXSourcesBuildPhase;
			buildActionMask = 2147483647;
			files = (
				1AAA00012F25A00000000001 /* AppDelegate.swift in Sources */,
			);
			runOnlyForDeploymentPostprocessing = 0;
		};
		504EC3001FED79650016851F /* Sources */ = {
			isa = PBXSourcesBuildPhase;
			buildActionMask = 2147483647;
			files = (
				504EC3081FED79650016851F /* AppDelegate.swift in Sources */,
			);
			runOnlyForDeploymentPostprocessing = 0;
		};
/* End PBXSourcesBuildPhase section */

/* Begin PBXVariantGroup section */
		504EC30B1FED79650016851F /* Main.storyboard */ = {
			isa = PBXVariantGroup;
			children = (
				504EC30C1FED79650016851F /* Base */,
			);
			name = Main.storyboard;
			sourceTree = "<group>";
		};
		504EC3101FED79650016851F /* LaunchScreen.storyboard */ = {
			isa = PBXVariantGroup;
			children = (
				504EC3111FED79650016851F /* Base */,
			);
			name = LaunchScreen.storyboard;
			sourceTree = "<group>";
		};
/* End PBXVariantGroup section */

/* Begin XCBuildConfiguration section */
		0E3507972F1C931700F1F9F9 /* Debug */ = {
			isa = XCBuildConfiguration;
			baseConfigurationReference = 25A963DCA873DEB99161804B /* Pods-the7cs.debug.xcconfig */;
			buildSettings = {
				ASSETCATALOG_COMPILER_APPICON_NAME = the7csIcon;
				CODE_SIGN_ENTITLEMENTS = App/App.entitlements;
				CODE_SIGN_STYLE = Automatic;
				CURRENT_PROJECT_VERSION = 1;
				DEVELOPMENT_TEAM = 35NLZB49QN;
				INFOPLIST_FILE = "the7cs-Info.plist";
				INFOPLIST_KEY_CFBundleDisplayName = the7cs;
				IPHONEOS_DEPLOYMENT_TARGET = 14.0;
				LD_RUNPATH_SEARCH_PATHS = "$(inherited) @executable_path/Frameworks";
				MARKETING_VERSION = 1.0.2;
				OTHER_SWIFT_FLAGS = "$(inherited) \"-D\" \"COCOAPODS\" \"-DDEBUG\"";
				PRODUCT_BUNDLE_IDENTIFIER = com.sevencs.learner;
				PRODUCT_NAME = "$(TARGET_NAME)";
				SWIFT_ACTIVE_COMPILATION_CONDITIONS = DEBUG;
				SWIFT_VERSION = 5.0;
				TARGETED_DEVICE_FAMILY = "1,2";
			};
			name = Debug;
		};
		0E3507982F1C931700F1F9F9 /* Release */ = {
			isa = XCBuildConfiguration;
			baseConfigurationReference = 043931A970C72A57050EDC91 /* Pods-the7cs.release.xcconfig */;
			buildSettings = {
				ASSETCATALOG_COMPILER_APPICON_NAME = the7csIcon;
				CODE_SIGN_ENTITLEMENTS = App/App.entitlements;
				CODE_SIGN_STYLE = Automatic;
				CURRENT_PROJECT_VERSION = 1;
				DEVELOPMENT_TEAM = 35NLZB49QN;
				INFOPLIST_FILE = "the7cs-Info.plist";
				INFOPLIST_KEY_CFBundleDisplayName = the7cs;
				IPHONEOS_DEPLOYMENT_TARGET = 14.0;
				LD_RUNPATH_SEARCH_PATHS = "$(inherited) @executable_path/Frameworks";
				MARKETING_VERSION = 1.0.2;
				PRODUCT_BUNDLE_IDENTIFIER = com.sevencs.learner;
				PRODUCT_NAME = "$(TARGET_NAME)";
				SWIFT_ACTIVE_COMPILATION_CONDITIONS = "";
				SWIFT_VERSION = 5.0;
				TARGETED_DEVICE_FAMILY = "1,2";
			};
			name = Release;
		};
		0E3507AC2F1C931F00F1F9F9 /* Debug */ = {
			isa = XCBuildConfiguration;
			baseConfigurationReference = 287CCFB97247580E305FA222 /* Pods-SSDC Horizon.debug.xcconfig */;
			buildSettings = {
				ASSETCATALOG_COMPILER_APPICON_NAME = SSDCicon;
				CODE_SIGN_ENTITLEMENTS = App/App.entitlements;
				CODE_SIGN_STYLE = Automatic;
				CURRENT_PROJECT_VERSION = 1;
				DEVELOPMENT_TEAM = 35NLZB49QN;
				INFOPLIST_FILE = "SSDC-HORIZON-Info.plist";
				INFOPLIST_KEY_CFBundleDisplayName = "SSDC Horizon";
				IPHONEOS_DEPLOYMENT_TARGET = 14.0;
				LD_RUNPATH_SEARCH_PATHS = "$(inherited) @executable_path/Frameworks";
				MARKETING_VERSION = 1.1.5;
				OTHER_SWIFT_FLAGS = "$(inherited) \"-D\" \"COCOAPODS\" \"-DDEBUG\"";
				PRODUCT_BUNDLE_IDENTIFIER = io.ssdc.student.app;
				PRODUCT_NAME = "$(TARGET_NAME)";
				SWIFT_ACTIVE_COMPILATION_CONDITIONS = DEBUG;
				SWIFT_VERSION = 5.0;
				TARGETED_DEVICE_FAMILY = "1,2";
			};
			name = Debug;
		};
		0E3507AD2F1C931F00F1F9F9 /* Release */ = {
			isa = XCBuildConfiguration;
			baseConfigurationReference = E6072116DBFDAD2CA617E513 /* Pods-SSDC Horizon.release.xcconfig */;
			buildSettings = {
				ASSETCATALOG_COMPILER_APPICON_NAME = SSDCicon;
				CODE_SIGN_ENTITLEMENTS = App/App.entitlements;
				CODE_SIGN_STYLE = Automatic;
				CURRENT_PROJECT_VERSION = 1;
				DEVELOPMENT_TEAM = 35NLZB49QN;
				INFOPLIST_FILE = "SSDC-HORIZON-Info.plist";
				INFOPLIST_KEY_CFBundleDisplayName = "SSDC Horizon";
				IPHONEOS_DEPLOYMENT_TARGET = 14.0;
				LD_RUNPATH_SEARCH_PATHS = "$(inherited) @executable_path/Frameworks";
				MARKETING_VERSION = 1.1.5;
				PRODUCT_BUNDLE_IDENTIFIER = io.ssdc.student.app;
				PRODUCT_NAME = "$(TARGET_NAME)";
				SWIFT_ACTIVE_COMPILATION_CONDITIONS = "";
				SWIFT_VERSION = 5.0;
				TARGETED_DEVICE_FAMILY = "1,2";
			};
			name = Release;
		};
		0E5CB2422F0ABC0800089DAC /* Debug */ = {
			isa = XCBuildConfiguration;
			baseConfigurationReference = 54FDC0D1DF0A5F5687F4CCC5 /* Pods-Five Sep.debug.xcconfig */;
			buildSettings = {
				ASSETCATALOG_COMPILER_APPICON_NAME = FiveSepIcon;
				CODE_SIGN_ENTITLEMENTS = App/App.entitlements;
				CODE_SIGN_STYLE = Automatic;
				CURRENT_PROJECT_VERSION = 1;
				DEVELOPMENT_TEAM = 35NLZB49QN;
				INFOPLIST_FILE = "ithinkersByFiveSep-Info.plist";
				INFOPLIST_KEY_CFBundleDisplayName = "iThinkers by Fivesep";
				IPHONEOS_DEPLOYMENT_TARGET = 14.0;
				LD_RUNPATH_SEARCH_PATHS = "$(inherited) @executable_path/Frameworks";
				MARKETING_VERSION = 1.0.0;
				OTHER_SWIFT_FLAGS = "$(inherited) \"-D\" \"COCOAPODS\" \"-DDEBUG\"";
				PRODUCT_BUNDLE_IDENTIFIER = io.fivesep.student.app;
				PRODUCT_NAME = "$(TARGET_NAME)";
				SWIFT_ACTIVE_COMPILATION_CONDITIONS = DEBUG;
				SWIFT_VERSION = 5.0;
				TARGETED_DEVICE_FAMILY = "1,2";
			};
			name = Debug;
		};
		0E5CB2432F0ABC0800089DAC /* Release */ = {
			isa = XCBuildConfiguration;
			baseConfigurationReference = 8B279DBAA24BE3BC1F188689 /* Pods-Five Sep.release.xcconfig */;
			buildSettings = {
				ASSETCATALOG_COMPILER_APPICON_NAME = FiveSepIcon;
				CODE_SIGN_ENTITLEMENTS = App/App.entitlements;
				CODE_SIGN_STYLE = Automatic;
				CURRENT_PROJECT_VERSION = 1;
				DEVELOPMENT_TEAM = 35NLZB49QN;
				INFOPLIST_FILE = "ithinkersByFiveSep-Info.plist";
				INFOPLIST_KEY_CFBundleDisplayName = "iThinkers by Fivesep";
				IPHONEOS_DEPLOYMENT_TARGET = 14.0;
				LD_RUNPATH_SEARCH_PATHS = "$(inherited) @executable_path/Frameworks";
				MARKETING_VERSION = 1.0.0;
				PRODUCT_BUNDLE_IDENTIFIER = io.fivesep.student.app;
				PRODUCT_NAME = "$(TARGET_NAME)";
				SWIFT_ACTIVE_COMPILATION_CONDITIONS = "";
				SWIFT_VERSION = 5.0;
				TARGETED_DEVICE_FAMILY = "1,2";
			};
			name = Release;
		};
		0EB0C0F62F73B79D003DA394 /* Debug */ = {
			isa = XCBuildConfiguration;
			buildSettings = {
				ASSETCATALOG_COMPILER_APPICON_NAME = SNIcon;
				CODE_SIGN_ENTITLEMENTS = App/App.entitlements;
				CODE_SIGN_STYLE = Automatic;
				CURRENT_PROJECT_VERSION = 1;
				DEVELOPMENT_TEAM = 7XKD5M7288;
				INFOPLIST_FILE = "SSDC Horizon copy2-Info.plist";
				INFOPLIST_KEY_CFBundleDisplayName = "Shiksha Nation";
				INFOPLIST_KEY_LSApplicationCategoryType = "public.app-category.education";
				IPHONEOS_DEPLOYMENT_TARGET = 14.0;
				LD_RUNPATH_SEARCH_PATHS = "$(inherited) @executable_path/Frameworks";
				MARKETING_VERSION = 1.0.0;
				OTHER_SWIFT_FLAGS = "$(inherited) \"-D\" \"COCOAPODS\" \"-DDEBUG\"";
				PRODUCT_BUNDLE_IDENTIFIER = io.shikshanation.app;
				PRODUCT_NAME = "$(TARGET_NAME)";
				SWIFT_ACTIVE_COMPILATION_CONDITIONS = DEBUG;
				SWIFT_VERSION = 5.0;
				TARGETED_DEVICE_FAMILY = "1,2";
			};
			name = Debug;
		};
		0EB0C0F72F73B79D003DA394 /* Release */ = {
			isa = XCBuildConfiguration;
			buildSettings = {
				ASSETCATALOG_COMPILER_APPICON_NAME = SNIcon;
				CODE_SIGN_ENTITLEMENTS = App/App.entitlements;
				CODE_SIGN_STYLE = Automatic;
				CURRENT_PROJECT_VERSION = 1;
				DEVELOPMENT_TEAM = 7XKD5M7288;
				INFOPLIST_FILE = "SSDC Horizon copy2-Info.plist";
				INFOPLIST_KEY_CFBundleDisplayName = "Shiksha Nation";
				INFOPLIST_KEY_LSApplicationCategoryType = "public.app-category.education";
				IPHONEOS_DEPLOYMENT_TARGET = 14.0;
				LD_RUNPATH_SEARCH_PATHS = "$(inherited) @executable_path/Frameworks";
				MARKETING_VERSION = 1.0.0;
				PRODUCT_BUNDLE_IDENTIFIER = io.shikshanation.app;
				PRODUCT_NAME = "$(TARGET_NAME)";
				SWIFT_ACTIVE_COMPILATION_CONDITIONS = "";
				SWIFT_VERSION = 5.0;
				TARGETED_DEVICE_FAMILY = "1,2";
			};
			name = Release;
		};
		1AAA00152F25A00000000015 /* Debug */ = {
			isa = XCBuildConfiguration;
			baseConfigurationReference = E22ECBA0680AFBB3EF37826D /* Pods-Uplift Teacher Training.debug.xcconfig */;
			buildSettings = {
				ASSETCATALOG_COMPILER_APPICON_NAME = EnarkIcon;
				CODE_SIGN_ENTITLEMENTS = App/App.entitlements;
				CODE_SIGN_STYLE = Automatic;
				CURRENT_PROJECT_VERSION = 1;
				DEVELOPMENT_TEAM = 35NLZB49QN;
				INFOPLIST_FILE = "Enark-Info.plist";
				INFOPLIST_KEY_CFBundleDisplayName = "Uplift Teacher Training";
				INFOPLIST_KEY_LSApplicationCategoryType = "public.app-category.education";
				IPHONEOS_DEPLOYMENT_TARGET = 14.0;
				LD_RUNPATH_SEARCH_PATHS = "$(inherited) @executable_path/Frameworks";
				MARKETING_VERSION = 1.0.0;
				OTHER_SWIFT_FLAGS = "$(inherited) \"-D\" \"COCOAPODS\" \"-DDEBUG\"";
				PRODUCT_BUNDLE_IDENTIFIER = io.enarkuplift.app;
				PRODUCT_NAME = "$(TARGET_NAME)";
				SWIFT_ACTIVE_COMPILATION_CONDITIONS = DEBUG;
				SWIFT_VERSION = 5.0;
				TARGETED_DEVICE_FAMILY = "1,2";
			};
			name = Debug;
		};
		1AAA00162F25A00000000016 /* Release */ = {
			isa = XCBuildConfiguration;
			baseConfigurationReference = E2668AC7D95201202741B1D6 /* Pods-Uplift Teacher Training.release.xcconfig */;
			buildSettings = {
				ASSETCATALOG_COMPILER_APPICON_NAME = EnarkIcon;
				CODE_SIGN_ENTITLEMENTS = App/App.entitlements;
				CODE_SIGN_STYLE = Automatic;
				CURRENT_PROJECT_VERSION = 1;
				DEVELOPMENT_TEAM = 35NLZB49QN;
				INFOPLIST_FILE = "Enark-Info.plist";
				INFOPLIST_KEY_CFBundleDisplayName = "Uplift Teacher Training";
				INFOPLIST_KEY_LSApplicationCategoryType = "public.app-category.education";
				IPHONEOS_DEPLOYMENT_TARGET = 14.0;
				LD_RUNPATH_SEARCH_PATHS = "$(inherited) @executable_path/Frameworks";
				MARKETING_VERSION = 1.0.0;
				PRODUCT_BUNDLE_IDENTIFIER = io.enarkuplift.app;
				PRODUCT_NAME = "$(TARGET_NAME)";
				SWIFT_ACTIVE_COMPILATION_CONDITIONS = "";
				SWIFT_VERSION = 5.0;
				TARGETED_DEVICE_FAMILY = "1,2";
			};
			name = Release;
		};
		504EC3141FED79650016851F /* Debug */ = {
			isa = XCBuildConfiguration;
			buildSettings = {
				ALWAYS_SEARCH_USER_PATHS = NO;
				CLANG_ANALYZER_NONNULL = YES;
				CLANG_ANALYZER_NUMBER_OBJECT_CONVERSION = YES_AGGRESSIVE;
				CLANG_CXX_LANGUAGE_STANDARD = "gnu++14";
				CLANG_CXX_LIBRARY = "libc++";
				CLANG_ENABLE_MODULES = YES;
				CLANG_ENABLE_OBJC_ARC = YES;
				CLANG_WARN_BLOCK_CAPTURE_AUTORELEASING = YES;
				CLANG_WARN_BOOL_CONVERSION = YES;
				CLANG_WARN_COMMA = YES;
				CLANG_WARN_CONSTANT_CONVERSION = YES;
				CLANG_WARN_DIRECT_OBJC_ISA_USAGE = YES_ERROR;
				CLANG_WARN_DOCUMENTATION_COMMENTS = YES;
				CLANG_WARN_EMPTY_BODY = YES;
				CLANG_WARN_ENUM_CONVERSION = YES;
				CLANG_WARN_INFINITE_RECURSION = YES;
				CLANG_WARN_INT_CONVERSION = YES;
				CLANG_WARN_NON_LITERAL_NULL_CONVERSION = YES;
				CLANG_WARN_OBJC_LITERAL_CONVERSION = YES;
				CLANG_WARN_OBJC_ROOT_CLASS = YES_ERROR;
				CLANG_WARN_RANGE_LOOP_ANALYSIS = YES;
				CLANG_WARN_STRICT_PROTOTYPES = YES;
				CLANG_WARN_SUSPICIOUS_MOVE = YES;
				CLANG_WARN_UNGUARDED_AVAILABILITY = YES_AGGRESSIVE;
				CLANG_WARN_UNREACHABLE_CODE = YES;
				CLANG_WARN__DUPLICATE_METHOD_MATCH = YES;
				CODE_SIGN_IDENTITY = "iPhone Developer";
				COPY_PHASE_STRIP = NO;
				DEBUG_INFORMATION_FORMAT = dwarf;
				ENABLE_STRICT_OBJC_MSGSEND = YES;
				ENABLE_TESTABILITY = YES;
				GCC_C_LANGUAGE_STANDARD = gnu11;
				GCC_DYNAMIC_NO_PIC = NO;
				GCC_NO_COMMON_BLOCKS = YES;
				GCC_OPTIMIZATION_LEVEL = 0;
				GCC_PREPROCESSOR_DEFINITIONS = (
					"DEBUG=1",
					"$(inherited)",
				);
				GCC_WARN_64_TO_32_BIT_CONVERSION = YES;
				GCC_WARN_ABOUT_RETURN_TYPE = YES_ERROR;
				GCC_WARN_UNDECLARED_SELECTOR = YES;
				GCC_WARN_UNINITIALIZED_AUTOS = YES_AGGRESSIVE;
				GCC_WARN_UNUSED_FUNCTION = YES;
				GCC_WARN_UNUSED_VARIABLE = YES;
				IPHONEOS_DEPLOYMENT_TARGET = 13.0;
				MTL_ENABLE_DEBUG_INFO = YES;
				ONLY_ACTIVE_ARCH = YES;
				SDKROOT = iphoneos;
				SWIFT_ACTIVE_COMPILATION_CONDITIONS = DEBUG;
				SWIFT_OPTIMIZATION_LEVEL = "-Onone";
			};
			name = Debug;
		};
		504EC3151FED79650016851F /* Release */ = {
			isa = XCBuildConfiguration;
			buildSettings = {
				ALWAYS_SEARCH_USER_PATHS = NO;
				CLANG_ANALYZER_NONNULL = YES;
				CLANG_ANALYZER_NUMBER_OBJECT_CONVERSION = YES_AGGRESSIVE;
				CLANG_CXX_LANGUAGE_STANDARD = "gnu++14";
				CLANG_CXX_LIBRARY = "libc++";
				CLANG_ENABLE_MODULES = YES;
				CLANG_ENABLE_OBJC_ARC = YES;
				CLANG_WARN_BLOCK_CAPTURE_AUTORELEASING = YES;
				CLANG_WARN_BOOL_CONVERSION = YES;
				CLANG_WARN_COMMA = YES;
				CLANG_WARN_CONSTANT_CONVERSION = YES;
				CLANG_WARN_DIRECT_OBJC_ISA_USAGE = YES_ERROR;
				CLANG_WARN_DOCUMENTATION_COMMENTS = YES;
				CLANG_WARN_EMPTY_BODY = YES;
				CLANG_WARN_ENUM_CONVERSION = YES;
				CLANG_WARN_INFINITE_RECURSION = YES;
				CLANG_WARN_INT_CONVERSION = YES;
				CLANG_WARN_NON_LITERAL_NULL_CONVERSION = YES;
				CLANG_WARN_OBJC_LITERAL_CONVERSION = YES;
				CLANG_WARN_OBJC_ROOT_CLASS = YES_ERROR;
				CLANG_WARN_RANGE_LOOP_ANALYSIS = YES;
				CLANG_WARN_STRICT_PROTOTYPES = YES;
				CLANG_WARN_SUSPICIOUS_MOVE = YES;
				CLANG_WARN_UNGUARDED_AVAILABILITY = YES_AGGRESSIVE;
				CLANG_WARN_UNREACHABLE_CODE = YES;
				CLANG_WARN__DUPLICATE_METHOD_MATCH = YES;
				CODE_SIGN_IDENTITY = "iPhone Developer";
				COPY_PHASE_STRIP = NO;
				DEBUG_INFORMATION_FORMAT = "dwarf-with-dsym";
				ENABLE_NS_ASSERTIONS = NO;
				ENABLE_STRICT_OBJC_MSGSEND = YES;
				GCC_C_LANGUAGE_STANDARD = gnu11;
				GCC_NO_COMMON_BLOCKS = YES;
				GCC_WARN_64_TO_32_BIT_CONVERSION = YES;
				GCC_WARN_ABOUT_RETURN_TYPE = YES_ERROR;
				GCC_WARN_UNDECLARED_SELECTOR = YES;
				GCC_WARN_UNINITIALIZED_AUTOS = YES_AGGRESSIVE;
				GCC_WARN_UNUSED_FUNCTION = YES;
				GCC_WARN_UNUSED_VARIABLE = YES;
				IPHONEOS_DEPLOYMENT_TARGET = 13.0;
				MTL_ENABLE_DEBUG_INFO = NO;
				SDKROOT = iphoneos;
				SWIFT_OPTIMIZATION_LEVEL = "-Owholemodule";
				VALIDATE_PRODUCT = YES;
			};
			name = Release;
		};
		504EC3171FED79650016851F /* Debug */ = {
			isa = XCBuildConfiguration;
			baseConfigurationReference = B313585718531D2F9A4F2BE7 /* Pods-App.debug.xcconfig */;
			buildSettings = {
				ASSETCATALOG_COMPILER_APPICON_NAME = AppIcon;
				CODE_SIGN_ENTITLEMENTS = App/App.entitlements;
				CODE_SIGN_STYLE = Automatic;
				CURRENT_PROJECT_VERSION = 1;
				DEVELOPMENT_TEAM = 35NLZB49QN;
				INFOPLIST_FILE = App/Info.plist;
				IPHONEOS_DEPLOYMENT_TARGET = 13.0;
				LD_RUNPATH_SEARCH_PATHS = "$(inherited) @executable_path/Frameworks";
				MARKETING_VERSION = 1.0;
				OTHER_SWIFT_FLAGS = "$(inherited) \"-D\" \"COCOAPODS\" \"-DDEBUG\"";
				PRODUCT_BUNDLE_IDENTIFIER = io.vacademy.student.app;
				PRODUCT_NAME = "$(TARGET_NAME)";
				SWIFT_ACTIVE_COMPILATION_CONDITIONS = DEBUG;
				SWIFT_VERSION = 5.0;
				TARGETED_DEVICE_FAMILY = "1,2";
			};
			name = Debug;
		};
		504EC3181FED79650016851F /* Release */ = {
			isa = XCBuildConfiguration;
			baseConfigurationReference = 9BF657DED25A2F36B05C0907 /* Pods-App.release.xcconfig */;
			buildSettings = {
				ASSETCATALOG_COMPILER_APPICON_NAME = AppIcon;
				CODE_SIGN_ENTITLEMENTS = App/App.entitlements;
				CODE_SIGN_STYLE = Automatic;
				CURRENT_PROJECT_VERSION = 1;
				DEVELOPMENT_TEAM = 35NLZB49QN;
				INFOPLIST_FILE = App/Info.plist;
				IPHONEOS_DEPLOYMENT_TARGET = 13.0;
				LD_RUNPATH_SEARCH_PATHS = "$(inherited) @executable_path/Frameworks";
				MARKETING_VERSION = 1.0;
				PRODUCT_BUNDLE_IDENTIFIER = io.vacademy.student.app;
				PRODUCT_NAME = "$(TARGET_NAME)";
				SWIFT_ACTIVE_COMPILATION_CONDITIONS = "";
				SWIFT_VERSION = 5.0;
				TARGETED_DEVICE_FAMILY = "1,2";
			};
			name = Release;
		};
/* End XCBuildConfiguration section */

/* Begin XCConfigurationList section */
		0E3507962F1C931700F1F9F9 /* Build configuration list for PBXNativeTarget "the7cs" */ = {
			isa = XCConfigurationList;
			buildConfigurations = (
				0E3507972F1C931700F1F9F9 /* Debug */,
				0E3507982F1C931700F1F9F9 /* Release */,
			);
			defaultConfigurationIsVisible = 0;
			defaultConfigurationName = Release;
		};
		0E3507AB2F1C931F00F1F9F9 /* Build configuration list for PBXNativeTarget "SSDC Horizon" */ = {
			isa = XCConfigurationList;
			buildConfigurations = (
				0E3507AC2F1C931F00F1F9F9 /* Debug */,
				0E3507AD2F1C931F00F1F9F9 /* Release */,
			);
			defaultConfigurationIsVisible = 0;
			defaultConfigurationName = Release;
		};
		0E5CB2412F0ABC0800089DAC /* Build configuration list for PBXNativeTarget "Five Sep" */ = {
			isa = XCConfigurationList;
			buildConfigurations = (
				0E5CB2422F0ABC0800089DAC /* Debug */,
				0E5CB2432F0ABC0800089DAC /* Release */,
			);
			defaultConfigurationIsVisible = 0;
			defaultConfigurationName = Release;
		};
		0EB0C0F52F73B79D003DA394 /* Build configuration list for PBXNativeTarget "Shiksha Nation" */ = {
			isa = XCConfigurationList;
			buildConfigurations = (
				0EB0C0F62F73B79D003DA394 /* Debug */,
				0EB0C0F72F73B79D003DA394 /* Release */,
			);
			defaultConfigurationIsVisible = 0;
			defaultConfigurationName = Release;
		};
		1AAA00182F25A00000000018 /* Build configuration list for PBXNativeTarget "Uplift Teacher Training" */ = {
			isa = XCConfigurationList;
			buildConfigurations = (
				1AAA00152F25A00000000015 /* Debug */,
				1AAA00162F25A00000000016 /* Release */,
			);
			defaultConfigurationIsVisible = 0;
			defaultConfigurationName = Release;
		};
		504EC2FF1FED79650016851F /* Build configuration list for PBXProject "App" */ = {
			isa = XCConfigurationList;
			buildConfigurations = (
				504EC3141FED79650016851F /* Debug */,
				504EC3151FED79650016851F /* Release */,
			);
			defaultConfigurationIsVisible = 0;
			defaultConfigurationName = Release;
		};
		504EC3161FED79650016851F /* Build configuration list for PBXNativeTarget "App" */ = {
			isa = XCConfigurationList;
			buildConfigurations = (
				504EC3171FED79650016851F /* Debug */,
				504EC3181FED79650016851F /* Release */,
			);
			defaultConfigurationIsVisible = 0;
			defaultConfigurationName = Release;
		};
/* End XCConfigurationList section */
	};
	rootObject = 504EC2FC1FED79650016851F /* Project object */;
}
